// !$*UTF8*$!
{
	archiveVersion = 1;
	classes = {
	};
	objectVersion = 50;
	objects = {

/* Begin PBXBuildFile section */
		D48114EA24A0794E00F07ED1 /* AppDelegate.swift in Sources */ = {isa = PBXBuildFile; fileRef = D48114E924A0794E00F07ED1 /* AppDelegate.swift */; };
		D48114EC24A0794E00F07ED1 /* SceneDelegate.swift in Sources */ = {isa = PBXBuildFile; fileRef = D48114EB24A0794E00F07ED1 /* SceneDelegate.swift */; };
		D48114EF24A0794E00F07ED1 /* UnitTestingMVC.xcdatamodeld in Sources */ = {isa = PBXBuildFile; fileRef = D48114ED24A0794E00F07ED1 /* UnitTestingMVC.xcdatamodeld */; };
		D48114F124A0794E00F07ED1 /* ContentView.swift in Sources */ = {isa = PBXBuildFile; fileRef = D48114F024A0794E00F07ED1 /* ContentView.swift */; };
		D48114F324A0794F00F07ED1 /* Assets.xcassets in Resources */ = {isa = PBXBuildFile; fileRef = D48114F224A0794F00F07ED1 /* Assets.xcassets */; };
		D48114F624A0794F00F07ED1 /* Preview Assets.xcassets in Resources */ = {isa = PBXBuildFile; fileRef = D48114F524A0794F00F07ED1 /* Preview Assets.xcassets */; };
		D48114F924A0794F00F07ED1 /* LaunchScreen.storyboard in Resources */ = {isa = PBXBuildFile; fileRef = D48114F724A0794F00F07ED1 /* LaunchScreen.storyboard */; };
		D481150424A0794F00F07ED1 /* UnitTestingMVCTests.swift in Sources */ = {isa = PBXBuildFile; fileRef = D481150324A0794F00F07ED1 /* UnitTestingMVCTests.swift */; };
		D481150F24A0794F00F07ED1 /* UnitTestingMVCUITests.swift in Sources */ = {isa = PBXBuildFile; fileRef = D481150E24A0794F00F07ED1 /* UnitTestingMVCUITests.swift */; };
/* End PBXBuildFile section */

/* Begin PBXContainerItemProxy section */
		D481150024A0794F00F07ED1 /* PBXContainerItemProxy */ = {
			isa = PBXContainerItemProxy;
			containerPortal = D48114DE24A0794E00F07ED1 /* Project object */;
			proxyType = 1;
			remoteGlobalIDString = D48114E524A0794E00F07ED1;
			remoteInfo = UnitTestingMVC;
		};
		D481150B24A0794F00F07ED1 /* PBXContainerItemProxy */ = {
			isa = PBXContainerItemProxy;
			containerPortal = D48114DE24A0794E00F07ED1 /* Project object */;
			proxyType = 1;
			remoteGlobalIDString = D48114E524A0794E00F07ED1;
			remoteInfo = UnitTestingMVC;
		};
/* End PBXContainerItemProxy section */

/* Begin PBXFileReference section */
		D48114E624A0794E00F07ED1 /* UnitTestingMVC.app */ = {isa = PBXFileReference; explicitFileType = wrapper.application; includeInIndex = 0; path = UnitTestingMVC.app; sourceTree = BUILT_PRODUCTS_DIR; };
		D48114E924A0794E00F07ED1 /* AppDelegate.swift */ = {isa = PBXFileReference; lastKnownFileType = sourcecode.swift; path = AppDelegate.swift; sourceTree = "<group>"; };
		D48114EB24A0794E00F07ED1 /* SceneDelegate.swift */ = {isa = PBXFileReference; lastKnownFileType = sourcecode.swift; path = SceneDelegate.swift; sourceTree = "<group>"; };
		D48114EE24A0794E00F07ED1 /* UnitTestingMVC.xcdatamodel */ = {isa = PBXFileReference; lastKnownFileType = wrapper.xcdatamodel; path = UnitTestingMVC.xcdatamodel; sourceTree = "<group>"; };
		D48114F024A0794E00F07ED1 /* ContentView.swift */ = {isa = PBXFileReference; lastKnownFileType = sourcecode.swift; path = ContentView.swift; sourceTree = "<group>"; };
		D48114F224A0794F00F07ED1 /* Assets.xcassets */ = {isa = PBXFileReference; lastKnownFileType = folder.assetcatalog; path = Assets.xcassets; sourceTree = "<group>"; };
		D48114F524A0794F00F07ED1 /* Preview Assets.xcassets */ = {isa = PBXFileReference; lastKnownFileType = folder.assetcatalog; path = "Preview Assets.xcassets"; sourceTree = "<group>"; };
		D48114F824A0794F00F07ED1 /* Base */ = {isa = PBXFileReference; lastKnownFileType = file.storyboard; name = Base; path = Base.lproj/LaunchScreen.storyboard; sourceTree = "<group>"; };
		D48114FA24A0794F00F07ED1 /* Info.plist */ = {isa = PBXFileReference; lastKnownFileType = text.plist.xml; path = Info.plist; sourceTree = "<group>"; };
		D48114FF24A0794F00F07ED1 /* UnitTestingMVCTests.xctest */ = {isa = PBXFileReference; explicitFileType = wrapper.cfbundle; includeInIndex = 0; path = UnitTestingMVCTests.xctest; sourceTree = BUILT_PRODUCTS_DIR; };
		D481150324A0794F00F07ED1 /* UnitTestingMVCTests.swift */ = {isa = PBXFileReference; lastKnownFileType = sourcecode.swift; path = UnitTestingMVCTests.swift; sourceTree = "<group>"; };
		D481150524A0794F00F07ED1 /* Info.plist */ = {isa = PBXFileReference; lastKnownFileType = text.plist.xml; path = Info.plist; sourceTree = "<group>"; };
		D481150A24A0794F00F07ED1 /* UnitTestingMVCUITests.xctest */ = {isa = PBXFileReference; explicitFileType = wrapper.cfbundle; includeInIndex = 0; path = UnitTestingMVCUITests.xctest; sourceTree = BUILT_PRODUCTS_DIR; };
		D481150E24A0794F00F07ED1 /* UnitTestingMVCUITests.swift */ = {isa = PBXFileReference; lastKnownFileType = sourcecode.swift; path = UnitTestingMVCUITests.swift; sourceTree = "<group>"; };
		D481151024A0794F00F07ED1 /* Info.plist */ = {isa = PBXFileReference; lastKnownFileType = text.plist.xml; path = Info.plist; sourceTree = "<group>"; };
/* End PBXFileReference section */

/* Begin PBXFrameworksBuildPhase section */
		D48114E324A0794E00F07ED1 /* Frameworks */ = {
			isa = PBXFrameworksBuildPhase;
			buildActionMask = 2147483647;
			files = (
			);
			runOnlyForDeploymentPostprocessing = 0;
		};
		D48114FC24A0794F00F07ED1 /* Frameworks */ = {
			isa = PBXFrameworksBuildPhase;
			buildActionMask = 2147483647;
			files = (
			);
			runOnlyForDeploymentPostprocessing = 0;
		};
		D481150724A0794F00F07ED1 /* Frameworks */ = {
			isa = PBXFrameworksBuildPhase;
			buildActionMask = 2147483647;
			files = (
			);
			runOnlyForDeploymentPostprocessing = 0;
		};
/* End PBXFrameworksBuildPhase section */

/* Begin PBXGroup section */
		D48114DD24A0794E00F07ED1 = {
			isa = PBXGroup;
			children = (
				D48114E824A0794E00F07ED1 /* UnitTestingMVC */,
				D481150224A0794F00F07ED1 /* UnitTestingMVCTests */,
				D481150D24A0794F00F07ED1 /* UnitTestingMVCUITests */,
				D48114E724A0794E00F07ED1 /* Products */,
			);
			sourceTree = "<group>";
		};
		D48114E724A0794E00F07ED1 /* Products */ = {
			isa = PBXGroup;
			children = (
				D48114E624A0794E00F07ED1 /* UnitTestingMVC.app */,
				D48114FF24A0794F00F07ED1 /* UnitTestingMVCTests.xctest */,
				D481150A24A0794F00F07ED1 /* UnitTestingMVCUITests.xctest */,
			);
			name = Products;
			sourceTree = "<group>";
		};
		D48114E824A0794E00F07ED1 /* UnitTestingMVC */ = {
			isa = PBXGroup;
			children = (
				D48114E924A0794E00F07ED1 /* AppDelegate.swift */,
				D48114EB24A0794E00F07ED1 /* SceneDelegate.swift */,
				D48114F024A0794E00F07ED1 /* ContentView.swift */,
				D48114F224A0794F00F07ED1 /* Assets.xcassets */,
				D48114F724A0794F00F07ED1 /* LaunchScreen.storyboard */,
				D48114FA24A0794F00F07ED1 /* Info.plist */,
				D48114ED24A0794E00F07ED1 /* UnitTestingMVC.xcdatamodeld */,
				D48114F424A0794F00F07ED1 /* Preview Content */,
			);
			path = UnitTestingMVC;
			sourceTree = "<group>";
		};
		D48114F424A0794F00F07ED1 /* Preview Content */ = {
			isa = PBXGroup;
			children = (
				D48114F524A0794F00F07ED1 /* Preview Assets.xcassets */,
			);
			path = "Preview Content";
			sourceTree = "<group>";
		};
		D481150224A0794F00F07ED1 /* UnitTestingMVCTests */ = {
			isa = PBXGroup;
			children = (
				D481150324A0794F00F07ED1 /* UnitTestingMVCTests.swift */,
				D481150524A0794F00F07ED1 /* Info.plist */,
			);
			path = UnitTestingMVCTests;
			sourceTree = "<group>";
		};
		D481150D24A0794F00F07ED1 /* UnitTestingMVCUITests */ = {
			isa = PBXGroup;
			children = (
				D481150E24A0794F00F07ED1 /* UnitTestingMVCUITests.swift */,
				D481151024A0794F00F07ED1 /* Info.plist */,
			);
			path = UnitTestingMVCUITests;
			sourceTree = "<group>";
		};
/* End PBXGroup section */

/* Begin PBXNativeTarget section */
		D48114E524A0794E00F07ED1 /* UnitTestingMVC */ = {
			isa = PBXNativeTarget;
			buildConfigurationList = D481151324A0794F00F07ED1 /* Build configuration list for PBXNativeTarget "UnitTestingMVC" */;
			buildPhases = (
				D48114E224A0794E00F07ED1 /* Sources */,
				D48114E324A0794E00F07ED1 /* Frameworks */,
				D48114E424A0794E00F07ED1 /* Resources */,
			);
			buildRules = (
			);
			dependencies = (
			);
			name = UnitTestingMVC;
			productName = UnitTestingMVC;
			productReference = D48114E624A0794E00F07ED1 /* UnitTestingMVC.app */;
			productType = "com.apple.product-type.application";
		};
		D48114FE24A0794F00F07ED1 /* UnitTestingMVCTests */ = {
			isa = PBXNativeTarget;
			buildConfigurationList = D481151624A0794F00F07ED1 /* Build configuration list for PBXNativeTarget "UnitTestingMVCTests" */;
			buildPhases = (
				D48114FB24A0794F00F07ED1 /* Sources */,
				D48114FC24A0794F00F07ED1 /* Frameworks */,
				D48114FD24A0794F00F07ED1 /* Resources */,
			);
			buildRules = (
			);
			dependencies = (
				D481150124A0794F00F07ED1 /* PBXTargetDependency */,
			);
			name = UnitTestingMVCTests;
			productName = UnitTestingMVCTests;
			productReference = D48114FF24A0794F00F07ED1 /* UnitTestingMVCTests.xctest */;
			productType = "com.apple.product-type.bundle.unit-test";
		};
		D481150924A0794F00F07ED1 /* UnitTestingMVCUITests */ = {
			isa = PBXNativeTarget;
			buildConfigurationList = D481151924A0794F00F07ED1 /* Build configuration list for PBXNativeTarget "UnitTestingMVCUITests" */;
			buildPhases = (
				D481150624A0794F00F07ED1 /* Sources */,
				D481150724A0794F00F07ED1 /* Frameworks */,
				D481150824A0794F00F07ED1 /* Resources */,
			);
			buildRules = (
			);
			dependencies = (
				D481150C24A0794F00F07ED1 /* PBXTargetDependency */,
			);
			name = UnitTestingMVCUITests;
			productName = UnitTestingMVCUITests;
			productReference = D481150A24A0794F00F07ED1 /* UnitTestingMVCUITests.xctest */;
			productType = "com.apple.product-type.bundle.ui-testing";
		};
/* End PBXNativeTarget section */

/* Begin PBXProject section */
		D48114DE24A0794E00F07ED1 /* Project object */ = {
			isa = PBXProject;
			attributes = {
				LastSwiftUpdateCheck = 1150;
				LastUpgradeCheck = 1150;
				ORGANIZATIONNAME = MAHIMA;
				TargetAttributes = {
					D48114E524A0794E00F07ED1 = {
						CreatedOnToolsVersion = 11.5;
					};
					D48114FE24A0794F00F07ED1 = {
						CreatedOnToolsVersion = 11.5;
						TestTargetID = D48114E524A0794E00F07ED1;
					};
					D481150924A0794F00F07ED1 = {
						CreatedOnToolsVersion = 11.5;
						TestTargetID = D48114E524A0794E00F07ED1;
					};
				};
			};
			buildConfigurationList = D48114E124A0794E00F07ED1 /* Build configuration list for PBXProject "UnitTestingMVC" */;
			compatibilityVersion = "Xcode 9.3";
			developmentRegion = en;
			hasScannedForEncodings = 0;
			knownRegions = (
				en,
				Base,
			);
			mainGroup = D48114DD24A0794E00F07ED1;
			productRefGroup = D48114E724A0794E00F07ED1 /* Products */;
			projectDirPath = "";
			projectRoot = "";
			targets = (
				D48114E524A0794E00F07ED1 /* UnitTestingMVC */,
				D48114FE24A0794F00F07ED1 /* UnitTestingMVCTests */,
				D481150924A0794F00F07ED1 /* UnitTestingMVCUITests */,
			);
		};
/* End PBXProject section */

/* Begin PBXResourcesBuildPhase section */
		D48114E424A0794E00F07ED1 /* Resources */ = {
			isa = PBXResourcesBuildPhase;
			buildActionMask = 2147483647;
			files = (
				D48114F924A0794F00F07ED1 /* LaunchScreen.storyboard in Resources */,
				D48114F624A0794F00F07ED1 /* Preview Assets.xcassets in Resources */,
				D48114F324A0794F00F07ED1 /* Assets.xcassets in Resources */,
			);
			runOnlyForDeploymentPostprocessing = 0;
		};
		D48114FD24A0794F00F07ED1 /* Resources */ = {
			isa = PBXResourcesBuildPhase;
			buildActionMask = 2147483647;
			files = (
			);
			runOnlyForDeploymentPostprocessing = 0;
		};
		D481150824A0794F00F07ED1 /* Resources */ = {
			isa = PBXResourcesBuildPhase;
			buildActionMask = 2147483647;
			files = (
			);
			runOnlyForDeploymentPostprocessing = 0;
		};
/* End PBXResourcesBuildPhase section */

/* Begin PBXSourcesBuildPhase section */
		D48114E224A0794E00F07ED1 /* Sources */ = {
			isa = PBXSourcesBuildPhase;
			buildActionMask = 2147483647;
			files = (
				D48114EA24A0794E00F07ED1 /* AppDelegate.swift in Sources */,
				D48114EF24A0794E00F07ED1 /* UnitTestingMVC.xcdatamodeld in Sources */,
				D48114F124A0794E00F07ED1 /* ContentView.swift in Sources */,
				D48114EC24A0794E00F07ED1 /* SceneDelegate.swift in Sources */,
			);
			runOnlyForDeploymentPostprocessing = 0;
		};
		D48114FB24A0794F00F07ED1 /* Sources */ = {
			isa = PBXSourcesBuildPhase;
			buildActionMask = 2147483647;
			files = (
				D481150424A0794F00F07ED1 /* UnitTestingMVCTests.swift in Sources */,
			);
			runOnlyForDeploymentPostprocessing = 0;
		};
		D481150624A0794F00F07ED1 /* Sources */ = {
			isa = PBXSourcesBuildPhase;
			buildActionMask = 2147483647;
			files = (
				D481150F24A0794F00F07ED1 /* UnitTestingMVCUITests.swift in Sources */,
			);
			runOnlyForDeploymentPostprocessing = 0;
		};
/* End PBXSourcesBuildPhase section */

/* Begin PBXTargetDependency section */
		D481150124A0794F00F07ED1 /* PBXTargetDependency */ = {
			isa = PBXTargetDependency;
			target = D48114E524A0794E00F07ED1 /* UnitTestingMVC */;
			targetProxy = D481150024A0794F00F07ED1 /* PBXContainerItemProxy */;
		};
		D481150C24A0794F00F07ED1 /* PBXTargetDependency */ = {
			isa = PBXTargetDependency;
			target = D48114E524A0794E00F07ED1 /* UnitTestingMVC */;
			targetProxy = D481150B24A0794F00F07ED1 /* PBXContainerItemProxy */;
		};
/* End PBXTargetDependency section */

/* Begin PBXVariantGroup section */
		D48114F724A0794F00F07ED1 /* LaunchScreen.storyboard */ = {
			isa = PBXVariantGroup;
			children = (
				D48114F824A0794F00F07ED1 /* Base */,
			);
			name = LaunchScreen.storyboard;
			sourceTree = "<group>";
		};
/* End PBXVariantGroup section */

/* Begin XCBuildConfiguration section */
		D481151124A0794F00F07ED1 /* Debug */ = {
			isa = XCBuildConfiguration;
			buildSettings = {
				ALWAYS_SEARCH_USER_PATHS = NO;
				CLANG_ANALYZER_NONNULL = YES;
				CLANG_ANALYZER_NUMBER_OBJECT_CONVERSION = YES_AGGRESSIVE;
				CLANG_CXX_LANGUAGE_STANDARD = "gnu++14";
				CLANG_CXX_LIBRARY = "libc++";
				CLANG_ENABLE_MODULES = YES;
				CLANG_ENABLE_OBJC_ARC = YES;
				CLANG_ENABLE_OBJC_WEAK = YES;
				CLANG_WARN_BLOCK_CAPTURE_AUTORELEASING = YES;
				CLANG_WARN_BOOL_CONVERSION = YES;
				CLANG_WARN_COMMA = YES;
				CLANG_WARN_CONSTANT_CONVERSION = YES;
				CLANG_WARN_DEPRECATED_OBJC_IMPLEMENTATIONS = YES;
				CLANG_WARN_DIRECT_OBJC_ISA_USAGE = YES_ERROR;
				CLANG_WARN_DOCUMENTATION_COMMENTS = YES;
				CLANG_WARN_EMPTY_BODY = YES;
				CLANG_WARN_ENUM_CONVERSION = YES;
				CLANG_WARN_INFINITE_RECURSION = YES;
				CLANG_WARN_INT_CONVERSION = YES;
				CLANG_WARN_NON_LITERAL_NULL_CONVERSION = YES;
				CLANG_WARN_OBJC_IMPLICIT_RETAIN_SELF = YES;
				CLANG_WARN_OBJC_LITERAL_CONVERSION = YES;
				CLANG_WARN_OBJC_ROOT_CLASS = YES_ERROR;
				CLANG_WARN_RANGE_LOOP_ANALYSIS = YES;
				CLANG_WARN_STRICT_PROTOTYPES = YES;
				CLANG_WARN_SUSPICIOUS_MOVE = YES;
				CLANG_WARN_UNGUARDED_AVAILABILITY = YES_AGGRESSIVE;
				CLANG_WARN_UNREACHABLE_CODE = YES;
				CLANG_WARN__DUPLICATE_METHOD_MATCH = YES;
				COPY_PHASE_STRIP = NO;
				DEBUG_INFORMATION_FORMAT = dwarf;
				ENABLE_STRICT_OBJC_MSGSEND = YES;
				ENABLE_TESTABILITY = YES;
				GCC_C_LANGUAGE_STANDARD = gnu11;
				GCC_DYNAMIC_NO_PIC = NO;
				GCC_NO_COMMON_BLOCKS = YES;
				GCC_OPTIMIZATION_LEVEL = 0;
				GCC_PREPROCESSOR_DEFINITIONS = (
					"DEBUG=1",
					"$(inherited)",
				);
				GCC_WARN_64_TO_32_BIT_CONVERSION = YES;
				GCC_WARN_ABOUT_RETURN_TYPE = YES_ERROR;
				GCC_WARN_UNDECLARED_SELECTOR = YES;
				GCC_WARN_UNINITIALIZED_AUTOS = YES_AGGRESSIVE;
				GCC_WARN_UNUSED_FUNCTION = YES;
				GCC_WARN_UNUSED_VARIABLE = YES;
				IPHONEOS_DEPLOYMENT_TARGET = 13.5;
				MTL_ENABLE_DEBUG_INFO = INCLUDE_SOURCE;
				MTL_FAST_MATH = YES;
				ONLY_ACTIVE_ARCH = YES;
				SDKROOT = iphoneos;
				SWIFT_ACTIVE_COMPILATION_CONDITIONS = DEBUG;
				SWIFT_OPTIMIZATION_LEVEL = "-Onone";
			};
			name = Debug;
		};
		D481151224A0794F00F07ED1 /* Release */ = {
			isa = XCBuildConfiguration;
			buildSettings = {
				ALWAYS_SEARCH_USER_PATHS = NO;
				CLANG_ANALYZER_NONNULL = YES;
				CLANG_ANALYZER_NUMBER_OBJECT_CONVERSION = YES_AGGRESSIVE;
				CLANG_CXX_LANGUAGE_STANDARD = "gnu++14";
				CLANG_CXX_LIBRARY = "libc++";
				CLANG_ENABLE_MODULES = YES;
				CLANG_ENABLE_OBJC_ARC = YES;
				CLANG_ENABLE_OBJC_WEAK = YES;
				CLANG_WARN_BLOCK_CAPTURE_AUTORELEASING = YES;
				CLANG_WARN_BOOL_CONVERSION = YES;
				CLANG_WARN_COMMA = YES;
				CLANG_WARN_CONSTANT_CONVERSION = YES;
				CLANG_WARN_DEPRECATED_OBJC_IMPLEMENTATIONS = YES;
				CLANG_WARN_DIRECT_OBJC_ISA_USAGE = YES_ERROR;
				CLANG_WARN_DOCUMENTATION_COMMENTS = YES;
				CLANG_WARN_EMPTY_BODY = YES;
				CLANG_WARN_ENUM_CONVERSION = YES;
				CLANG_WARN_INFINITE_RECURSION = YES;
				CLANG_WARN_INT_CONVERSION = YES;
				CLANG_WARN_NON_LITERAL_NULL_CONVERSION = YES;
				CLANG_WARN_OBJC_IMPLICIT_RETAIN_SELF = YES;
				CLANG_WARN_OBJC_LITERAL_CONVERSION = YES;
				CLANG_WARN_OBJC_ROOT_CLASS = YES_ERROR;
				CLANG_WARN_RANGE_LOOP_ANALYSIS = YES;
				CLANG_WARN_STRICT_PROTOTYPES = YES;
				CLANG_WARN_SUSPICIOUS_MOVE = YES;
				CLANG_WARN_UNGUARDED_AVAILABILITY = YES_AGGRESSIVE;
				CLANG_WARN_UNREACHABLE_CODE = YES;
				CLANG_WARN__DUPLICATE_METHOD_MATCH = YES;
				COPY_PHASE_STRIP = NO;
				DEBUG_INFORMATION_FORMAT = "dwarf-with-dsym";
				ENABLE_NS_ASSERTIONS = NO;
				ENABLE_STRICT_OBJC_MSGSEND = YES;
				GCC_C_LANGUAGE_STANDARD = gnu11;
				GCC_NO_COMMON_BLOCKS = YES;
				GCC_WARN_64_TO_32_BIT_CONVERSION = YES;
				GCC_WARN_ABOUT_RETURN_TYPE = YES_ERROR;
				GCC_WARN_UNDECLARED_SELECTOR = YES;
				GCC_WARN_UNINITIALIZED_AUTOS = YES_AGGRESSIVE;
				GCC_WARN_UNUSED_FUNCTION = YES;
				GCC_WARN_UNUSED_VARIABLE = YES;
				IPHONEOS_DEPLOYMENT_TARGET = 13.5;
				MTL_ENABLE_DEBUG_INFO = NO;
				MTL_FAST_MATH = YES;
				SDKROOT = iphoneos;
				SWIFT_COMPILATION_MODE = wholemodule;
				SWIFT_OPTIMIZATION_LEVEL = "-O";
				VALIDATE_PRODUCT = YES;
			};
			name = Release;
		};
		D481151424A0794F00F07ED1 /* Debug */ = {
			isa = XCBuildConfiguration;
			buildSettings = {
				ASSETCATALOG_COMPILER_APPICON_NAME = AppIcon;
				CODE_SIGN_STYLE = Automatic;
				DEVELOPMENT_ASSET_PATHS = "\"UnitTestingMVC/Preview Content\"";
				ENABLE_PREVIEWS = YES;
				INFOPLIST_FILE = UnitTestingMVC/Info.plist;
				LD_RUNPATH_SEARCH_PATHS = (
					"$(inherited)",
					"@executable_path/Frameworks",
				);
				PRODUCT_BUNDLE_IDENTIFIER = com.decathlon.UnitTestingMVC;
				PRODUCT_NAME = "$(TARGET_NAME)";
				SWIFT_VERSION = 5.0;
				TARGETED_DEVICE_FAMILY = "1,2";
			};
			name = Debug;
		};
		D481151524A0794F00F07ED1 /* Release */ = {
			isa = XCBuildConfiguration;
			buildSettings = {
				ASSETCATALOG_COMPILER_APPICON_NAME = AppIcon;
				CODE_SIGN_STYLE = Automatic;
				DEVELOPMENT_ASSET_PATHS = "\"UnitTestingMVC/Preview Content\"";
				ENABLE_PREVIEWS = YES;
				INFOPLIST_FILE = UnitTestingMVC/Info.plist;
				LD_RUNPATH_SEARCH_PATHS = (
					"$(inherited)",
					"@executable_path/Frameworks",
				);
				PRODUCT_BUNDLE_IDENTIFIER = com.decathlon.UnitTestingMVC;
				PRODUCT_NAME = "$(TARGET_NAME)";
				SWIFT_VERSION = 5.0;
				TARGETED_DEVICE_FAMILY = "1,2";
			};
			name = Release;
		};
		D481151724A0794F00F07ED1 /* Debug */ = {
			isa = XCBuildConfiguration;
			buildSettings = {
				ALWAYS_EMBED_SWIFT_STANDARD_LIBRARIES = YES;
				BUNDLE_LOADER = "$(TEST_HOST)";
				CODE_SIGN_STYLE = Automatic;
				INFOPLIST_FILE = UnitTestingMVCTests/Info.plist;
				IPHONEOS_DEPLOYMENT_TARGET = 13.5;
				LD_RUNPATH_SEARCH_PATHS = (
					"$(inherited)",
					"@executable_path/Frameworks",
					"@loader_path/Frameworks",
				);
				PRODUCT_BUNDLE_IDENTIFIER = com.decathlon.UnitTestingMVCTests;
				PRODUCT_NAME = "$(TARGET_NAME)";
				SWIFT_VERSION = 5.0;
				TARGETED_DEVICE_FAMILY = "1,2";
				TEST_HOST = "$(BUILT_PRODUCTS_DIR)/UnitTestingMVC.app/UnitTestingMVC";
			};
			name = Debug;
		};
		D481151824A0794F00F07ED1 /* Release */ = {
			isa = XCBuildConfiguration;
			buildSettings = {
				ALWAYS_EMBED_SWIFT_STANDARD_LIBRARIES = YES;
				BUNDLE_LOADER = "$(TEST_HOST)";
				CODE_SIGN_STYLE = Automatic;
				INFOPLIST_FILE = UnitTestingMVCTests/Info.plist;
				IPHONEOS_DEPLOYMENT_TARGET = 13.5;
				LD_RUNPATH_SEARCH_PATHS = (
					"$(inherited)",
					"@executable_path/Frameworks",
					"@loader_path/Frameworks",
				);
				PRODUCT_BUNDLE_IDENTIFIER = com.decathlon.UnitTestingMVCTests;
				PRODUCT_NAME = "$(TARGET_NAME)";
				SWIFT_VERSION = 5.0;
				TARGETED_DEVICE_FAMILY = "1,2";
				TEST_HOST = "$(BUILT_PRODUCTS_DIR)/UnitTestingMVC.app/UnitTestingMVC";
			};
			name = Release;
		};
		D481151A24A0794F00F07ED1 /* Debug */ = {
			isa = XCBuildConfiguration;
			buildSettings = {
				ALWAYS_EMBED_SWIFT_STANDARD_LIBRARIES = YES;
				CODE_SIGN_STYLE = Automatic;
				INFOPLIST_FILE = UnitTestingMVCUITests/Info.plist;
				LD_RUNPATH_SEARCH_PATHS = (
					"$(inherited)",
					"@executable_path/Frameworks",
					"@loader_path/Frameworks",
				);
				PRODUCT_BUNDLE_IDENTIFIER = com.decathlon.UnitTestingMVCUITests;
				PRODUCT_NAME = "$(TARGET_NAME)";
				SWIFT_VERSION = 5.0;
				TARGETED_DEVICE_FAMILY = "1,2";
				TEST_TARGET_NAME = UnitTestingMVC;
			};
			name = Debug;
		};
		D481151B24A0794F00F07ED1 /* Release */ = {
			isa = XCBuildConfiguration;
			buildSettings = {
				ALWAYS_EMBED_SWIFT_STANDARD_LIBRARIES = YES;
				CODE_SIGN_STYLE = Automatic;
				INFOPLIST_FILE = UnitTestingMVCUITests/Info.plist;
				LD_RUNPATH_SEARCH_PATHS = (
					"$(inherited)",
					"@executable_path/Frameworks",
					"@loader_path/Frameworks",
				);
				PRODUCT_BUNDLE_IDENTIFIER = com.decathlon.UnitTestingMVCUITests;
				PRODUCT_NAME = "$(TARGET_NAME)";
				SWIFT_VERSION = 5.0;
				TARGETED_DEVICE_FAMILY = "1,2";
				TEST_TARGET_NAME = UnitTestingMVC;
			};
			name = Release;
		};
/* End XCBuildConfiguration section */

/* Begin XCConfigurationList section */
		D48114E124A0794E00F07ED1 /* Build configuration list for PBXProject "UnitTestingMVC" */ = {
			isa = XCConfigurationList;
			buildConfigurations = (
				D481151124A0794F00F07ED1 /* Debug */,
				D481151224A0794F00F07ED1 /* Release */,
			);
			defaultConfigurationIsVisible = 0;
			defaultConfigurationName = Release;
		};
		D481151324A0794F00F07ED1 /* Build configuration list for PBXNativeTarget "UnitTestingMVC" */ = {
			isa = XCConfigurationList;
			buildConfigurations = (
				D481151424A0794F00F07ED1 /* Debug */,
				D481151524A0794F00F07ED1 /* Release */,
			);
			defaultConfigurationIsVisible = 0;
			defaultConfigurationName = Release;
		};
		D481151624A0794F00F07ED1 /* Build configuration list for PBXNativeTarget "UnitTestingMVCTests" */ = {
			isa = XCConfigurationList;
			buildConfigurations = (
				D481151724A0794F00F07ED1 /* Debug */,
				D481151824A0794F00F07ED1 /* Release */,
			);
			defaultConfigurationIsVisible = 0;
			defaultConfigurationName = Release;
		};
		D481151924A0794F00F07ED1 /* Build configuration list for PBXNativeTarget "UnitTestingMVCUITests" */ = {
			isa = XCConfigurationList;
			buildConfigurations = (
				D481151A24A0794F00F07ED1 /* Debug */,
				D481151B24A0794F00F07ED1 /* Release */,
			);
			defaultConfigurationIsVisible = 0;
			defaultConfigurationName = Release;
		};
/* End XCConfigurationList section */

/* Begin XCVersionGroup section */
		D48114ED24A0794E00F07ED1 /* UnitTestingMVC.xcdatamodeld */ = {
			isa = XCVersionGroup;
			children = (
				D48114EE24A0794E00F07ED1 /* UnitTestingMVC.xcdatamodel */,
			);
			currentVersion = D48114EE24A0794E00F07ED1 /* UnitTestingMVC.xcdatamodel */;
			path = UnitTestingMVC.xcdatamodeld;
			sourceTree = "<group>";
			versionGroupType = wrapper.xcdatamodel;
		};
/* End XCVersionGroup section */
	};
	rootObject = D48114DE24A0794E00F07ED1 /* Project object */;
}
